
Microsoft Visual Studio Solution File, Format Version 12.00
# Visual Studio Version 17
VisualStudioVersion = 17.14.36310.24 d17.14
MinimumVisualStudioVersion = 10.0.40219.1
Project("{FAE04EC0-301F-11D3-BF4B-00C04F79EFBC}") = "Cuentas", "Cuentas\Cuentas.csproj", "{DFFBF7C7-83A4-4E1F-AF30-7A90B26BA042}"
EndProject
Global
	GlobalSection(SolutionConfigurationPlatforms) = preSolution
		Debug|Any CPU = Debug|Any CPU
		Release|Any CPU = Release|Any CPU
	EndGlobalSection
	GlobalSection(ProjectConfigurationPlatforms) = postSolution
		{DFFBF7C7-83A4-4E1F-AF30-7A90B26BA042}.Debug|Any CPU.ActiveCfg = Debug|Any CPU
		{DFFBF7C7-83A4-4E1F-AF30-7A90B26BA042}.Debug|Any CPU.Build.0 = Debug|Any CPU
		{DFFBF7C7-83A4-4E1F-AF30-7A90B26BA042}.Release|Any CPU.ActiveCfg = Release|Any CPU
		{DFFBF7C7-83A4-4E1F-AF30-7A90B26BA042}.Release|Any CPU.Build.0 = Release|Any CPU
	EndGlobalSection
	GlobalSection(SolutionProperties) = preSolution
		HideSolutionNode = FALSE
	EndGlobalSection
	GlobalSection(ExtensibilityGlobals) = postSolution
		SolutionGuid = {6F3592FF-4DEF-4688-B2C6-51AE28EFAE04}
	EndGlobalSection
EndGlobal
